
Microsoft Visual Studio Solution File, Format Version 12.00
# Visual Studio 2012
Project("{8BC9CEB8-8B4A-11D0-8D11-00A0C91BC942}") = "Command_Center", "Command_Center\Command_Center.vcxproj", "{A5A46390-6ACF-4CAF-A2FA-B4B83647E905}"
EndProject
Global
	GlobalSection(SolutionConfigurationPlatforms) = preSolution
		Debug|Win32 = Debug|Win32
		Release|Win32 = Release|Win32
	EndGlobalSection
	GlobalSection(ProjectConfigurationPlatforms) = postSolution
		{A5A46390-6ACF-4CAF-A2FA-B4B83647E905}.Debug|Win32.ActiveCfg = Debug|Win32
		{A5A46390-6ACF-4CAF-A2FA-B4B83647E905}.Debug|Win32.Build.0 = Debug|Win32
		{A5A46390-6ACF-4CAF-A2FA-B4B83647E905}.Release|Win32.ActiveCfg = Release|Win32
		{A5A46390-6ACF-4CAF-A2FA-B4B83647E905}.Release|Win32.Build.0 = Release|Win32
	EndGlobalSection
	GlobalSection(SolutionProperties) = preSolution
		HideSolutionNode = FALSE
	EndGlobalSection
EndGlobal
